
Microsoft Visual Studio Solution File, Format Version 12.00
# Visual Studio 15
VisualStudioVersion = 15.0.28010.2016
MinimumVisualStudioVersion = 10.0.40219.1
Project("{FAE04EC0-301F-11D3-BF4B-00C04F79EFBC}") = "17601321-Gade-A1", "17601321-Gade-A1\17601321-Gade-A1.csproj", "{6661506B-6F66-482A-8AC2-A3EA914BA4DF}"
EndProject
Global
	GlobalSection(SolutionConfigurationPlatforms) = preSolution
		Debug|Any CPU = Debug|Any CPU
		Release|Any CPU = Release|Any CPU
	EndGlobalSection
	GlobalSection(ProjectConfigurationPlatforms) = postSolution
		{6661506B-6F66-482A-8AC2-A3EA914BA4DF}.Debug|Any CPU.ActiveCfg = Debug|Any CPU
		{6661506B-6F66-482A-8AC2-A3EA914BA4DF}.Debug|Any CPU.Build.0 = Debug|Any CPU
		{6661506B-6F66-482A-8AC2-A3EA914BA4DF}.Release|Any CPU.ActiveCfg = Release|Any CPU
		{6661506B-6F66-482A-8AC2-A3EA914BA4DF}.Release|Any CPU.Build.0 = Release|Any CPU
	EndGlobalSection
	GlobalSection(SolutionProperties) = preSolution
		HideSolutionNode = FALSE
	EndGlobalSection
	GlobalSection(ExtensibilityGlobals) = postSolution
		SolutionGuid = {6E2439CC-C835-4EE3-82FB-FAE729EFEB9D}
	EndGlobalSection
EndGlobal
